
Microsoft Visual Studio Solution File, Format Version 12.00
# Visual Studio Version 16
VisualStudioVersion = 16.0.31702.278
MinimumVisualStudioVersion = 10.0.40219.1
Project("{FAE04EC0-301F-11D3-BF4B-00C04F79EFBC}") = "DataTransfer", "DataTransfer\DataTransfer.csproj", "{E20D6F9D-FB53-4F36-A1B6-274695E70F9F}"
EndProject
Global
	GlobalSection(SolutionConfigurationPlatforms) = preSolution
		Debug|Any CPU = Debug|Any CPU
		Release|Any CPU = Release|Any CPU
	EndGlobalSection
	GlobalSection(ProjectConfigurationPlatforms) = postSolution
		{E20D6F9D-FB53-4F36-A1B6-274695E70F9F}.Debug|Any CPU.ActiveCfg = Debug|Any CPU
		{E20D6F9D-FB53-4F36-A1B6-274695E70F9F}.Debug|Any CPU.Build.0 = Debug|Any CPU
		{E20D6F9D-FB53-4F36-A1B6-274695E70F9F}.Release|Any CPU.ActiveCfg = Release|Any CPU
		{E20D6F9D-FB53-4F36-A1B6-274695E70F9F}.Release|Any CPU.Build.0 = Release|Any CPU
	EndGlobalSection
	GlobalSection(SolutionProperties) = preSolution
		HideSolutionNode = FALSE
	EndGlobalSection
	GlobalSection(ExtensibilityGlobals) = postSolution
		SolutionGuid = {FFC96D92-85AE-41B6-9DC4-39B4717E6718}
	EndGlobalSection
EndGlobal
